
Microsoft Visual Studio Solution File, Format Version 12.00
# Visual Studio 15
VisualStudioVersion = 15.0.28307.421
MinimumVisualStudioVersion = 10.0.40219.1
Project("{FAE04EC0-301F-11D3-BF4B-00C04F79EFBC}") = "DataBaseDemoWpf", "DataBaseDemoWpf\DataBaseDemoWpf.csproj", "{2441015B-8476-40D2-B159-F42536E3EC93}"
EndProject
Global
	GlobalSection(SolutionConfigurationPlatforms) = preSolution
		Debug|Any CPU = Debug|Any CPU
		Release|Any CPU = Release|Any CPU
	EndGlobalSection
	GlobalSection(ProjectConfigurationPlatforms) = postSolution
		{2441015B-8476-40D2-B159-F42536E3EC93}.Debug|Any CPU.ActiveCfg = Debug|Any CPU
		{2441015B-8476-40D2-B159-F42536E3EC93}.Debug|Any CPU.Build.0 = Debug|Any CPU
		{2441015B-8476-40D2-B159-F42536E3EC93}.Release|Any CPU.ActiveCfg = Release|Any CPU
		{2441015B-8476-40D2-B159-F42536E3EC93}.Release|Any CPU.Build.0 = Release|Any CPU
	EndGlobalSection
	GlobalSection(SolutionProperties) = preSolution
		HideSolutionNode = FALSE
	EndGlobalSection
	GlobalSection(ExtensibilityGlobals) = postSolution
		SolutionGuid = {E5F159BC-968C-445D-B085-795344AA4C8E}
	EndGlobalSection
EndGlobal
